<?xml version="1.0" encoding="utf-8"?>
<Project ToolsVersion="4.0" xmlns="http://schemas.microsoft.com/developer/msbuild/2003">
  <ItemGroup>
    <ClCompile Include="main.cpp" />
    <ClCompile Include="SyncDetector.cpp">
      <Filter>SyncDetector</Filter>
    </ClCompile>
    <ClCompile Include="FrameBuilder.cpp">
      <Filter>FrameBuilder</Filter>
    </ClCompile>
    <ClCompile Include="VideoDecoder.cpp">
      <Filter>VideoDecoder</Filter>
    </ClCompile>
  </ItemGroup>
  <ItemGroup>
    <Filter Include="SyncDetector">
      <UniqueIdentifier>{f3cd9fad-2a73-420b-881c-3d05e52ca616}</UniqueIdentifier>
    </Filter>
    <Filter Include="FrameBuilder">
      <UniqueIdentifier>{6daa5726-732d-43d6-944b-6296e5b16397}</UniqueIdentifier>
    </Filter>
    <Filter Include="Helper Types">
      <UniqueIdentifier>{93b25eee-e0e6-4c72-9224-167838f8afc1}</UniqueIdentifier>
    </Filter>
    <Filter Include="VideoDecoder">
      <UniqueIdentifier>{abd3288c-bd07-4236-9a0e-30e5505ab66b}</UniqueIdentifier>
    </Filter>
  </ItemGroup>
  <ItemGroup>
    <ClInclude Include="SyncDetector.h">
      <Filter>SyncDetector</Filter>
    </ClInclude>
    <ClInclude Include="FrameBuilder.h">
      <Filter>FrameBuilder</Filter>
    </ClInclude>
    <ClInclude Include="SplineHelpers.h">
      <Filter>Helper Types</Filter>
    </ClInclude>
    <ClInclude Include="FileSystemInterop.h">
      <Filter>Helper Types</Filter>
    </ClInclude>
    <ClInclude Include="Logger.h">
      <Filter>Helper Types</Filter>
    </ClInclude>
    <ClInclude Include="StringHelpers.h">
      <Filter>Helper Types</Filter>
    </ClInclude>
    <ClInclude Include="VideoDecoder.h">
      <Filter>VideoDecoder</Filter>
    </ClInclude>
  </ItemGroup>
  <ItemGroup>
    <None Include="SyncDetector.inl">
      <Filter>SyncDetector</Filter>
    </None>
    <None Include="FrameBuilder.inl">
      <Filter>FrameBuilder</Filter>
    </None>
    <None Include="Logger.inl">
      <Filter>Helper Types</Filter>
    </None>
    <None Include="VideoDecoder.inl">
      <Filter>VideoDecoder</Filter>
    </None>
  </ItemGroup>
</Project>